
Microsoft Visual Studio Solution File, Format Version 12.00
# Visual Studio Version 17
VisualStudioVersion = 17.8.34316.72
MinimumVisualStudioVersion = 10.0.40219.1
Project("{FAE04EC0-301F-11D3-BF4B-00C04F79EFBC}") = "Exercici_FormulariGatets", "Exercici_FormulariGatets\Exercici_FormulariGatets.csproj", "{3FEE8870-0A5D-4607-A8F9-5BDCD094936F}"
EndProject
Global
	GlobalSection(SolutionConfigurationPlatforms) = preSolution
		Debug|Any CPU = Debug|Any CPU
		Release|Any CPU = Release|Any CPU
	EndGlobalSection
	GlobalSection(ProjectConfigurationPlatforms) = postSolution
		{3FEE8870-0A5D-4607-A8F9-5BDCD094936F}.Debug|Any CPU.ActiveCfg = Debug|Any CPU
		{3FEE8870-0A5D-4607-A8F9-5BDCD094936F}.Debug|Any CPU.Build.0 = Debug|Any CPU
		{3FEE8870-0A5D-4607-A8F9-5BDCD094936F}.Release|Any CPU.ActiveCfg = Release|Any CPU
		{3FEE8870-0A5D-4607-A8F9-5BDCD094936F}.Release|Any CPU.Build.0 = Release|Any CPU
	EndGlobalSection
	GlobalSection(SolutionProperties) = preSolution
		HideSolutionNode = FALSE
	EndGlobalSection
	GlobalSection(ExtensibilityGlobals) = postSolution
		SolutionGuid = {E95128FB-274A-44DD-A249-8350890F22D8}
	EndGlobalSection
EndGlobal
